github.com/VictoriaMetrics/VictoriaMetrics v1.93.5 h1:moGbdkhuzEYXmbNuWnXSleaeQMYLeoufOki+NpZcKB0=
github.com/VictoriaMetrics/VictoriaMetrics v1.93.5/go.mod h1:Qaf+nsQ9mnKa7i0wtwLh4EIyLwiS+yglbNfPdJVof3g=
github.com/VictoriaMetrics/metrics v1.24.0 h1:ILavebReOjYctAGY5QU2F9X0MYvkcrG3aEn2RKa1Zkw=
github.com/VictoriaMetrics/metrics v1.24.0/go.mod h1:eFT25kvsTidQFHb6U0oa0rTrDRdz4xTYjpL8+UPohys=
github.com/VictoriaMetrics/metricsql v0.65.0 h1:+/Oit3QycM8z/NbMHy4KENSUDS5q9QRx8h2x6cvoQOk=
github.com/VictoriaMetrics/metricsql v0.65.0/go.mod h1:k4UaP/+CjuZslIjd+kCigNG9TQmUqh5v0TP/nMEy90I=
github.com/klauspost/compress v1.17.0 h1:Rnbp4K9EjcDuVuHtd0dgA4qNuv9yKDYKK1ulpJwgrqM=
github.com/klauspost/compress v1.17.0/go.mod h1:ntbaceVETuRiXiv4DpjP66DpAtAGkEQskQzEyD//IeE=
github.com/valyala/fastrand v1.1.0 h1:f+5HkLW4rsgzdNoleUOB69hyT9IlD2ZQh9GyDMfb5G8=
github.com/valyala/fastrand v1.1.0/go.mod h1:HWqCzkrkg6QXT8V2EXWvXCoow7vLwOFN002oeRzjapQ=
github.com/valyala/gozstd v1.20.1 h1:xPnnnvjmaDDitMFfDxmQ4vpx0+3CdTg2o3lALvXTU/g=
github.com/valyala/gozstd v1.20.1/go.mod h1:y5Ew47GLlP37EkTB+B4s7r6A5rdaeB7ftbl9zoYiIPQ=
github.com/valyala/histogram v1.2.0 h1:wyYGAZZt3CpwUiIb9AU/Zbllg1llXyrtApRS815OLoQ=
github.com/valyala/histogram v1.2.0/go.mod h1:Hb4kBwb4UxsaNbbbh+RRz8ZR6pdodR57tzWUS3BUzXY=
golang.org/x/sys v0.7.0/go.mod h1:oPkhp1MJrh7nUepCBck5+mAzfO9JrbApNNgaTdGDITg=
golang.org/x/sys v0.10.0/go.mod h1:oPkhp1MJrh7nUepCBck5+mAzfO9JrbApNNgaTdGDITg=
golang.org/x/sys v0.12.0 h1:CM0HF96J0hcLAwsHPJZjfdNzs0gftsLfgKt57wWHJ0o=
golang.org/x/sys v0.12.0/go.mod h1:oPkhp1MJrh7nUepCBck5+mAzfO9JrbApNNgaTdGDITg=
